// !$*UTF8*$!
{
	archiveVersion = 1;
	classes = {
	};
	objectVersion = 50;
	objects = {

/* Begin PBXBuildFile section */
		70424A8E25C2AFC200BD9D9A /* AnimationViewController.swift in Sources */ = {isa = PBXBuildFile; fileRef = 70424A8D25C2AFC200BD9D9A /* AnimationViewController.swift */; };
		70424A9125C2B05D00BD9D9A /* DestinationViewController.swift in Sources */ = {isa = PBXBuildFile; fileRef = 70424A9025C2B05D00BD9D9A /* DestinationViewController.swift */; };
		70424A9425C2B2FD00BD9D9A /* Animator.swift in Sources */ = {isa = PBXBuildFile; fileRef = 70424A9325C2B2FD00BD9D9A /* Animator.swift */; };
		70C4B63F25BFEF3E0062B406 /* AppDelegate.swift in Sources */ = {isa = PBXBuildFile; fileRef = 70C4B63E25BFEF3E0062B406 /* AppDelegate.swift */; };
		70C4B64325BFEF3E0062B406 /* MainViewController.swift in Sources */ = {isa = PBXBuildFile; fileRef = 70C4B64225BFEF3E0062B406 /* MainViewController.swift */; };
		70C4B64625BFEF3E0062B406 /* Main.storyboard in Resources */ = {isa = PBXBuildFile; fileRef = 70C4B64425BFEF3E0062B406 /* Main.storyboard */; };
		70C4B64825BFEF410062B406 /* Assets.xcassets in Resources */ = {isa = PBXBuildFile; fileRef = 70C4B64725BFEF410062B406 /* Assets.xcassets */; };
		70C4B64B25BFEF410062B406 /* LaunchScreen.storyboard in Resources */ = {isa = PBXBuildFile; fileRef = 70C4B64925BFEF410062B406 /* LaunchScreen.storyboard */; };
		70C4B65A25BFF2130062B406 /* SettingModel.swift in Sources */ = {isa = PBXBuildFile; fileRef = 70C4B65925BFF2130062B406 /* SettingModel.swift */; };
		70C4B65F25BFF24C0062B406 /* UIViewController.swift in Sources */ = {isa = PBXBuildFile; fileRef = 70C4B65E25BFF24C0062B406 /* UIViewController.swift */; };
		70C4B67D25C100D10062B406 /* art.scnassets in Resources */ = {isa = PBXBuildFile; fileRef = 70C4B67C25C100D10062B406 /* art.scnassets */; };
		70C4B6A525C1186D0062B406 /* simd_float4x4.swift in Sources */ = {isa = PBXBuildFile; fileRef = 70C4B6A425C1186D0062B406 /* simd_float4x4.swift */; };
		70E763B625C7E69E00E48FCC /* FloatingViewController.swift in Sources */ = {isa = PBXBuildFile; fileRef = 70E763B525C7E69E00E48FCC /* FloatingViewController.swift */; };
		BB17F49825C2FE4F00A5EBF0 /* ARViewController.swift in Sources */ = {isa = PBXBuildFile; fileRef = BB17F49725C2FE4F00A5EBF0 /* ARViewController.swift */; };
		BB17F49D25C3005000A5EBF0 /* CoreAnimationAndCoreGraphicsViewController.swift in Sources */ = {isa = PBXBuildFile; fileRef = BB17F49C25C3005000A5EBF0 /* CoreAnimationAndCoreGraphicsViewController.swift */; };
		BB4E003625C05BD500CC62AB /* People+CoreDataClass.swift in Sources */ = {isa = PBXBuildFile; fileRef = BB4E003425C05BD500CC62AB /* People+CoreDataClass.swift */; };
		BB4E003725C05BD500CC62AB /* People+CoreDataProperties.swift in Sources */ = {isa = PBXBuildFile; fileRef = BB4E003525C05BD500CC62AB /* People+CoreDataProperties.swift */; };
		BBFCF81C25C0576700EF7E3B /* CoreDataViewController.swift in Sources */ = {isa = PBXBuildFile; fileRef = BBFCF81B25C0576700EF7E3B /* CoreDataViewController.swift */; };
		BBFCF82025C057DD00EF7E3B /* Model.xcdatamodeld in Sources */ = {isa = PBXBuildFile; fileRef = BBFCF81E25C057DD00EF7E3B /* Model.xcdatamodeld */; };
/* End PBXBuildFile section */

/* Begin PBXFileReference section */
		70424A8D25C2AFC200BD9D9A /* AnimationViewController.swift */ = {isa = PBXFileReference; lastKnownFileType = sourcecode.swift; path = AnimationViewController.swift; sourceTree = "<group>"; };
		70424A9025C2B05D00BD9D9A /* DestinationViewController.swift */ = {isa = PBXFileReference; lastKnownFileType = sourcecode.swift; path = DestinationViewController.swift; sourceTree = "<group>"; };
		70424A9325C2B2FD00BD9D9A /* Animator.swift */ = {isa = PBXFileReference; lastKnownFileType = sourcecode.swift; path = Animator.swift; sourceTree = "<group>"; };
		70C4B63B25BFEF3E0062B406 /* Snippets.app */ = {isa = PBXFileReference; explicitFileType = wrapper.application; includeInIndex = 0; path = Snippets.app; sourceTree = BUILT_PRODUCTS_DIR; };
		70C4B63E25BFEF3E0062B406 /* AppDelegate.swift */ = {isa = PBXFileReference; lastKnownFileType = sourcecode.swift; path = AppDelegate.swift; sourceTree = "<group>"; };
		70C4B64225BFEF3E0062B406 /* MainViewController.swift */ = {isa = PBXFileReference; lastKnownFileType = sourcecode.swift; path = MainViewController.swift; sourceTree = "<group>"; };
		70C4B64525BFEF3E0062B406 /* Base */ = {isa = PBXFileReference; lastKnownFileType = file.storyboard; name = Base; path = Base.lproj/Main.storyboard; sourceTree = "<group>"; };
		70C4B64725BFEF410062B406 /* Assets.xcassets */ = {isa = PBXFileReference; lastKnownFileType = folder.assetcatalog; path = Assets.xcassets; sourceTree = "<group>"; };
		70C4B64A25BFEF410062B406 /* Base */ = {isa = PBXFileReference; lastKnownFileType = file.storyboard; name = Base; path = Base.lproj/LaunchScreen.storyboard; sourceTree = "<group>"; };
		70C4B64C25BFEF410062B406 /* Info.plist */ = {isa = PBXFileReference; lastKnownFileType = text.plist.xml; path = Info.plist; sourceTree = "<group>"; };
		70C4B65925BFF2130062B406 /* SettingModel.swift */ = {isa = PBXFileReference; lastKnownFileType = sourcecode.swift; path = SettingModel.swift; sourceTree = "<group>"; };
		70C4B65E25BFF24C0062B406 /* UIViewController.swift */ = {isa = PBXFileReference; lastKnownFileType = sourcecode.swift; path = UIViewController.swift; sourceTree = "<group>"; };
		70C4B67C25C100D10062B406 /* art.scnassets */ = {isa = PBXFileReference; lastKnownFileType = wrapper.scnassets; path = art.scnassets; sourceTree = "<group>"; };
		70C4B6A425C1186D0062B406 /* simd_float4x4.swift */ = {isa = PBXFileReference; lastKnownFileType = sourcecode.swift; path = simd_float4x4.swift; sourceTree = "<group>"; };
		70E763B525C7E69E00E48FCC /* FloatingViewController.swift */ = {isa = PBXFileReference; lastKnownFileType = sourcecode.swift; path = FloatingViewController.swift; sourceTree = "<group>"; };
		BB17F49725C2FE4F00A5EBF0 /* ARViewController.swift */ = {isa = PBXFileReference; fileEncoding = 4; lastKnownFileType = sourcecode.swift; path = ARViewController.swift; sourceTree = "<group>"; };
		BB17F49C25C3005000A5EBF0 /* CoreAnimationAndCoreGraphicsViewController.swift */ = {isa = PBXFileReference; lastKnownFileType = sourcecode.swift; path = CoreAnimationAndCoreGraphicsViewController.swift; sourceTree = "<group>"; };
		BB4E003425C05BD500CC62AB /* People+CoreDataClass.swift */ = {isa = PBXFileReference; lastKnownFileType = sourcecode.swift; path = "People+CoreDataClass.swift"; sourceTree = "<group>"; };
		BB4E003525C05BD500CC62AB /* People+CoreDataProperties.swift */ = {isa = PBXFileReference; lastKnownFileType = sourcecode.swift; path = "People+CoreDataProperties.swift"; sourceTree = "<group>"; };
		BBFCF81B25C0576700EF7E3B /* CoreDataViewController.swift */ = {isa = PBXFileReference; lastKnownFileType = sourcecode.swift; path = CoreDataViewController.swift; sourceTree = "<group>"; };
		BBFCF81F25C057DD00EF7E3B /* Model.xcdatamodel */ = {isa = PBXFileReference; lastKnownFileType = wrapper.xcdatamodel; path = Model.xcdatamodel; sourceTree = "<group>"; };
/* End PBXFileReference section */

/* Begin PBXFrameworksBuildPhase section */
		70C4B63825BFEF3E0062B406 /* Frameworks */ = {
			isa = PBXFrameworksBuildPhase;
			buildActionMask = 2147483647;
			files = (
			);
			runOnlyForDeploymentPostprocessing = 0;
		};
/* End PBXFrameworksBuildPhase section */

/* Begin PBXGroup section */
		70424A8C25C2AF9400BD9D9A /* Animation */ = {
			isa = PBXGroup;
			children = (
				70424A8D25C2AFC200BD9D9A /* AnimationViewController.swift */,
				70424A9025C2B05D00BD9D9A /* DestinationViewController.swift */,
				70424A9325C2B2FD00BD9D9A /* Animator.swift */,
				70E763B525C7E69E00E48FCC /* FloatingViewController.swift */,
			);
			path = Animation;
			sourceTree = "<group>";
		};
		70C4B63225BFEF3E0062B406 = {
			isa = PBXGroup;
			children = (
				70C4B63D25BFEF3E0062B406 /* Snippets */,
				70C4B63C25BFEF3E0062B406 /* Products */,
			);
			sourceTree = "<group>";
		};
		70C4B63C25BFEF3E0062B406 /* Products */ = {
			isa = PBXGroup;
			children = (
				70C4B63B25BFEF3E0062B406 /* Snippets.app */,
			);
			name = Products;
			sourceTree = "<group>";
		};
		70C4B63D25BFEF3E0062B406 /* Snippets */ = {
			isa = PBXGroup;
			children = (
				70C4B65D25BFF22D0062B406 /* Extension */,
				70C4B65825BFF1F80062B406 /* Protocol */,
				70C4B65525BFEFB90062B406 /* ViewController */,
				70C4B65425BFEF8D0062B406 /* SupportFile */,
				70C4B64C25BFEF410062B406 /* Info.plist */,
			);
			path = Snippets;
			sourceTree = "<group>";
		};
		70C4B65425BFEF8D0062B406 /* SupportFile */ = {
			isa = PBXGroup;
			children = (
				70C4B63E25BFEF3E0062B406 /* AppDelegate.swift */,
				70C4B64425BFEF3E0062B406 /* Main.storyboard */,
				70C4B64725BFEF410062B406 /* Assets.xcassets */,
				70C4B64925BFEF410062B406 /* LaunchScreen.storyboard */,
				BBFCF81E25C057DD00EF7E3B /* Model.xcdatamodeld */,
				70C4B67C25C100D10062B406 /* art.scnassets */,
			);
			path = SupportFile;
			sourceTree = "<group>";
		};
		70C4B65525BFEFB90062B406 /* ViewController */ = {
			isa = PBXGroup;
			children = (
				BB17F49B25C2FFD700A5EBF0 /* Graphic */,
				BB17F49625C2FE4F00A5EBF0 /* AR */,
				70424A8C25C2AF9400BD9D9A /* Animation */,
				BBFCF81A25C0575000EF7E3B /* CoreData */,
				70C4B64225BFEF3E0062B406 /* MainViewController.swift */,
			);
			path = ViewController;
			sourceTree = "<group>";
		};
		70C4B65825BFF1F80062B406 /* Protocol */ = {
			isa = PBXGroup;
			children = (
				70C4B65925BFF2130062B406 /* SettingModel.swift */,
			);
			path = Protocol;
			sourceTree = "<group>";
		};
		70C4B65D25BFF22D0062B406 /* Extension */ = {
			isa = PBXGroup;
			children = (
				70C4B65E25BFF24C0062B406 /* UIViewController.swift */,
				70C4B6A425C1186D0062B406 /* simd_float4x4.swift */,
			);
			path = Extension;
			sourceTree = "<group>";
		};
		BB17F49625C2FE4F00A5EBF0 /* AR */ = {
			isa = PBXGroup;
			children = (
				BB17F49725C2FE4F00A5EBF0 /* ARViewController.swift */,
			);
			path = AR;
			sourceTree = "<group>";
		};
		BB17F49B25C2FFD700A5EBF0 /* Graphic */ = {
			isa = PBXGroup;
			children = (
				BB17F49C25C3005000A5EBF0 /* CoreAnimationAndCoreGraphicsViewController.swift */,
			);
			path = Graphic;
			sourceTree = "<group>";
		};
		BBFCF81A25C0575000EF7E3B /* CoreData */ = {
			isa = PBXGroup;
			children = (
				BB4E003425C05BD500CC62AB /* People+CoreDataClass.swift */,
				BB4E003525C05BD500CC62AB /* People+CoreDataProperties.swift */,
				BBFCF81B25C0576700EF7E3B /* CoreDataViewController.swift */,
			);
			path = CoreData;
			sourceTree = "<group>";
		};
/* End PBXGroup section */

/* Begin PBXNativeTarget section */
		70C4B63A25BFEF3E0062B406 /* Snippets */ = {
			isa = PBXNativeTarget;
			buildConfigurationList = 70C4B64F25BFEF410062B406 /* Build configuration list for PBXNativeTarget "Snippets" */;
			buildPhases = (
				70C4B63725BFEF3E0062B406 /* Sources */,
				70C4B63825BFEF3E0062B406 /* Frameworks */,
				70C4B63925BFEF3E0062B406 /* Resources */,
			);
			buildRules = (
			);
			dependencies = (
			);
			name = Snippets;
			productName = Snippets;
			productReference = 70C4B63B25BFEF3E0062B406 /* Snippets.app */;
			productType = "com.apple.product-type.application";
		};
/* End PBXNativeTarget section */

/* Begin PBXProject section */
		70C4B63325BFEF3E0062B406 /* Project object */ = {
			isa = PBXProject;
			attributes = {
				LastSwiftUpdateCheck = 1230;
				LastUpgradeCheck = 1230;
				TargetAttributes = {
					70C4B63A25BFEF3E0062B406 = {
						CreatedOnToolsVersion = 12.3;
					};
				};
			};
			buildConfigurationList = 70C4B63625BFEF3E0062B406 /* Build configuration list for PBXProject "Snippets" */;
			compatibilityVersion = "Xcode 9.3";
			developmentRegion = en;
			hasScannedForEncodings = 0;
			knownRegions = (
				en,
				Base,
			);
			mainGroup = 70C4B63225BFEF3E0062B406;
			productRefGroup = 70C4B63C25BFEF3E0062B406 /* Products */;
			projectDirPath = "";
			projectRoot = "";
			targets = (
				70C4B63A25BFEF3E0062B406 /* Snippets */,
			);
		};
/* End PBXProject section */

/* Begin PBXResourcesBuildPhase section */
		70C4B63925BFEF3E0062B406 /* Resources */ = {
			isa = PBXResourcesBuildPhase;
			buildActionMask = 2147483647;
			files = (
				70C4B64B25BFEF410062B406 /* LaunchScreen.storyboard in Resources */,
				70C4B64825BFEF410062B406 /* Assets.xcassets in Resources */,
				70C4B64625BFEF3E0062B406 /* Main.storyboard in Resources */,
				70C4B67D25C100D10062B406 /* art.scnassets in Resources */,
			);
			runOnlyForDeploymentPostprocessing = 0;
		};
/* End PBXResourcesBuildPhase section */

/* Begin PBXSourcesBuildPhase section */
		70C4B63725BFEF3E0062B406 /* Sources */ = {
			isa = PBXSourcesBuildPhase;
			buildActionMask = 2147483647;
			files = (
				70C4B64325BFEF3E0062B406 /* MainViewController.swift in Sources */,
				70C4B63F25BFEF3E0062B406 /* AppDelegate.swift in Sources */,
				70424A8E25C2AFC200BD9D9A /* AnimationViewController.swift in Sources */,
				70E763B625C7E69E00E48FCC /* FloatingViewController.swift in Sources */,
				BB4E003725C05BD500CC62AB /* People+CoreDataProperties.swift in Sources */,
				70C4B65F25BFF24C0062B406 /* UIViewController.swift in Sources */,
				BB4E003625C05BD500CC62AB /* People+CoreDataClass.swift in Sources */,
				BB17F49825C2FE4F00A5EBF0 /* ARViewController.swift in Sources */,
				70424A9425C2B2FD00BD9D9A /* Animator.swift in Sources */,
				BB17F49D25C3005000A5EBF0 /* CoreAnimationAndCoreGraphicsViewController.swift in Sources */,
				70424A9125C2B05D00BD9D9A /* DestinationViewController.swift in Sources */,
				BBFCF81C25C0576700EF7E3B /* CoreDataViewController.swift in Sources */,
				70C4B65A25BFF2130062B406 /* SettingModel.swift in Sources */,
				70C4B6A525C1186D0062B406 /* simd_float4x4.swift in Sources */,
				BBFCF82025C057DD00EF7E3B /* Model.xcdatamodeld in Sources */,
			);
			runOnlyForDeploymentPostprocessing = 0;
		};
/* End PBXSourcesBuildPhase section */

/* Begin PBXVariantGroup section */
		70C4B64425BFEF3E0062B406 /* Main.storyboard */ = {
			isa = PBXVariantGroup;
			children = (
				70C4B64525BFEF3E0062B406 /* Base */,
			);
			name = Main.storyboard;
			sourceTree = "<group>";
		};
		70C4B64925BFEF410062B406 /* LaunchScreen.storyboard */ = {
			isa = PBXVariantGroup;
			children = (
				70C4B64A25BFEF410062B406 /* Base */,
			);
			name = LaunchScreen.storyboard;
			sourceTree = "<group>";
		};
/* End PBXVariantGroup section */

/* Begin XCBuildConfiguration section */
		70C4B64D25BFEF410062B406 /* Debug */ = {
			isa = XCBuildConfiguration;
			buildSettings = {
				ALWAYS_SEARCH_USER_PATHS = NO;
				CLANG_ANALYZER_NONNULL = YES;
				CLANG_ANALYZER_NUMBER_OBJECT_CONVERSION = YES_AGGRESSIVE;
				CLANG_CXX_LANGUAGE_STANDARD = "gnu++14";
				CLANG_CXX_LIBRARY = "libc++";
				CLANG_ENABLE_MODULES = YES;
				CLANG_ENABLE_OBJC_ARC = YES;
				CLANG_ENABLE_OBJC_WEAK = YES;
				CLANG_WARN_BLOCK_CAPTURE_AUTORELEASING = YES;
				CLANG_WARN_BOOL_CONVERSION = YES;
				CLANG_WARN_COMMA = YES;
				CLANG_WARN_CONSTANT_CONVERSION = YES;
				CLANG_WARN_DEPRECATED_OBJC_IMPLEMENTATIONS = YES;
				CLANG_WARN_DIRECT_OBJC_ISA_USAGE = YES_ERROR;
				CLANG_WARN_DOCUMENTATION_COMMENTS = YES;
				CLANG_WARN_EMPTY_BODY = YES;
				CLANG_WARN_ENUM_CONVERSION = YES;
				CLANG_WARN_INFINITE_RECURSION = YES;
				CLANG_WARN_INT_CONVERSION = YES;
				CLANG_WARN_NON_LITERAL_NULL_CONVERSION = YES;
				CLANG_WARN_OBJC_IMPLICIT_RETAIN_SELF = YES;
				CLANG_WARN_OBJC_LITERAL_CONVERSION = YES;
				CLANG_WARN_OBJC_ROOT_CLASS = YES_ERROR;
				CLANG_WARN_QUOTED_INCLUDE_IN_FRAMEWORK_HEADER = YES;
				CLANG_WARN_RANGE_LOOP_ANALYSIS = YES;
				CLANG_WARN_STRICT_PROTOTYPES = YES;
				CLANG_WARN_SUSPICIOUS_MOVE = YES;
				CLANG_WARN_UNGUARDED_AVAILABILITY = YES_AGGRESSIVE;
				CLANG_WARN_UNREACHABLE_CODE = YES;
				CLANG_WARN__DUPLICATE_METHOD_MATCH = YES;
				COPY_PHASE_STRIP = NO;
				DEBUG_INFORMATION_FORMAT = dwarf;
				ENABLE_STRICT_OBJC_MSGSEND = YES;
				ENABLE_TESTABILITY = YES;
				GCC_C_LANGUAGE_STANDARD = gnu11;
				GCC_DYNAMIC_NO_PIC = NO;
				GCC_NO_COMMON_BLOCKS = YES;
				GCC_OPTIMIZATION_LEVEL = 0;
				GCC_PREPROCESSOR_DEFINITIONS = (
					"DEBUG=1",
					"$(inherited)",
				);
				GCC_WARN_64_TO_32_BIT_CONVERSION = YES;
				GCC_WARN_ABOUT_RETURN_TYPE = YES_ERROR;
				GCC_WARN_UNDECLARED_SELECTOR = YES;
				GCC_WARN_UNINITIALIZED_AUTOS = YES_AGGRESSIVE;
				GCC_WARN_UNUSED_FUNCTION = YES;
				GCC_WARN_UNUSED_VARIABLE = YES;
				IPHONEOS_DEPLOYMENT_TARGET = 14.3;
				MTL_ENABLE_DEBUG_INFO = INCLUDE_SOURCE;
				MTL_FAST_MATH = YES;
				ONLY_ACTIVE_ARCH = YES;
				SDKROOT = iphoneos;
				SWIFT_ACTIVE_COMPILATION_CONDITIONS = DEBUG;
				SWIFT_OPTIMIZATION_LEVEL = "-Onone";
			};
			name = Debug;
		};
		70C4B64E25BFEF410062B406 /* Release */ = {
			isa = XCBuildConfiguration;
			buildSettings = {
				ALWAYS_SEARCH_USER_PATHS = NO;
				CLANG_ANALYZER_NONNULL = YES;
				CLANG_ANALYZER_NUMBER_OBJECT_CONVERSION = YES_AGGRESSIVE;
				CLANG_CXX_LANGUAGE_STANDARD = "gnu++14";
				CLANG_CXX_LIBRARY = "libc++";
				CLANG_ENABLE_MODULES = YES;
				CLANG_ENABLE_OBJC_ARC = YES;
				CLANG_ENABLE_OBJC_WEAK = YES;
				CLANG_WARN_BLOCK_CAPTURE_AUTORELEASING = YES;
				CLANG_WARN_BOOL_CONVERSION = YES;
				CLANG_WARN_COMMA = YES;
				CLANG_WARN_CONSTANT_CONVERSION = YES;
				CLANG_WARN_DEPRECATED_OBJC_IMPLEMENTATIONS = YES;
				CLANG_WARN_DIRECT_OBJC_ISA_USAGE = YES_ERROR;
				CLANG_WARN_DOCUMENTATION_COMMENTS = YES;
				CLANG_WARN_EMPTY_BODY = YES;
				CLANG_WARN_ENUM_CONVERSION = YES;
				CLANG_WARN_INFINITE_RECURSION = YES;
				CLANG_WARN_INT_CONVERSION = YES;
				CLANG_WARN_NON_LITERAL_NULL_CONVERSION = YES;
				CLANG_WARN_OBJC_IMPLICIT_RETAIN_SELF = YES;
				CLANG_WARN_OBJC_LITERAL_CONVERSION = YES;
				CLANG_WARN_OBJC_ROOT_CLASS = YES_ERROR;
				CLANG_WARN_QUOTED_INCLUDE_IN_FRAMEWORK_HEADER = YES;
				CLANG_WARN_RANGE_LOOP_ANALYSIS = YES;
				CLANG_WARN_STRICT_PROTOTYPES = YES;
				CLANG_WARN_SUSPICIOUS_MOVE = YES;
				CLANG_WARN_UNGUARDED_AVAILABILITY = YES_AGGRESSIVE;
				CLANG_WARN_UNREACHABLE_CODE = YES;
				CLANG_WARN__DUPLICATE_METHOD_MATCH = YES;
				COPY_PHASE_STRIP = NO;
				DEBUG_INFORMATION_FORMAT = "dwarf-with-dsym";
				ENABLE_NS_ASSERTIONS = NO;
				ENABLE_STRICT_OBJC_MSGSEND = YES;
				GCC_C_LANGUAGE_STANDARD = gnu11;
				GCC_NO_COMMON_BLOCKS = YES;
				GCC_WARN_64_TO_32_BIT_CONVERSION = YES;
				GCC_WARN_ABOUT_RETURN_TYPE = YES_ERROR;
				GCC_WARN_UNDECLARED_SELECTOR = YES;
				GCC_WARN_UNINITIALIZED_AUTOS = YES_AGGRESSIVE;
				GCC_WARN_UNUSED_FUNCTION = YES;
				GCC_WARN_UNUSED_VARIABLE = YES;
				IPHONEOS_DEPLOYMENT_TARGET = 14.3;
				MTL_ENABLE_DEBUG_INFO = NO;
				MTL_FAST_MATH = YES;
				SDKROOT = iphoneos;
				SWIFT_COMPILATION_MODE = wholemodule;
				SWIFT_OPTIMIZATION_LEVEL = "-O";
				VALIDATE_PRODUCT = YES;
			};
			name = Release;
		};
		70C4B65025BFEF410062B406 /* Debug */ = {
			isa = XCBuildConfiguration;
			buildSettings = {
				ASSETCATALOG_COMPILER_APPICON_NAME = AppIcon;
				ASSETCATALOG_COMPILER_GLOBAL_ACCENT_COLOR_NAME = AccentColor;
				CODE_SIGN_IDENTITY = "Apple Development";
				CODE_SIGN_STYLE = Automatic;
				DEVELOPMENT_TEAM = 3T6R6APYLA;
				INFOPLIST_FILE = Snippets/Info.plist;
				LD_RUNPATH_SEARCH_PATHS = (
					"$(inherited)",
					"@executable_path/Frameworks",
				);
				PRODUCT_BUNDLE_IDENTIFIER = com.wenchanyuan.Snippets;
				PRODUCT_NAME = "$(TARGET_NAME)";
				PROVISIONING_PROFILE_SPECIFIER = "";
				SWIFT_VERSION = 5.0;
				TARGETED_DEVICE_FAMILY = "1,2";
			};
			name = Debug;
		};
		70C4B65125BFEF410062B406 /* Release */ = {
			isa = XCBuildConfiguration;
			buildSettings = {
				ASSETCATALOG_COMPILER_APPICON_NAME = AppIcon;
				ASSETCATALOG_COMPILER_GLOBAL_ACCENT_COLOR_NAME = AccentColor;
				CODE_SIGN_IDENTITY = "Apple Development";
				CODE_SIGN_STYLE = Automatic;
				DEVELOPMENT_TEAM = 3T6R6APYLA;
				INFOPLIST_FILE = Snippets/Info.plist;
				LD_RUNPATH_SEARCH_PATHS = (
					"$(inherited)",
					"@executable_path/Frameworks",
				);
				PRODUCT_BUNDLE_IDENTIFIER = com.wenchanyuan.Snippets;
				PRODUCT_NAME = "$(TARGET_NAME)";
				PROVISIONING_PROFILE_SPECIFIER = "";
				SWIFT_VERSION = 5.0;
				TARGETED_DEVICE_FAMILY = "1,2";
			};
			name = Release;
		};
/* End XCBuildConfiguration section */

/* Begin XCConfigurationList section */
		70C4B63625BFEF3E0062B406 /* Build configuration list for PBXProject "Snippets" */ = {
			isa = XCConfigurationList;
			buildConfigurations = (
				70C4B64D25BFEF410062B406 /* Debug */,
				70C4B64E25BFEF410062B406 /* Release */,
			);
			defaultConfigurationIsVisible = 0;
			defaultConfigurationName = Release;
		};
		70C4B64F25BFEF410062B406 /* Build configuration list for PBXNativeTarget "Snippets" */ = {
			isa = XCConfigurationList;
			buildConfigurations = (
				70C4B65025BFEF410062B406 /* Debug */,
				70C4B65125BFEF410062B406 /* Release */,
			);
			defaultConfigurationIsVisible = 0;
			defaultConfigurationName = Release;
		};
/* End XCConfigurationList section */

/* Begin XCVersionGroup section */
		BBFCF81E25C057DD00EF7E3B /* Model.xcdatamodeld */ = {
			isa = XCVersionGroup;
			children = (
				BBFCF81F25C057DD00EF7E3B /* Model.xcdatamodel */,
			);
			currentVersion = BBFCF81F25C057DD00EF7E3B /* Model.xcdatamodel */;
			path = Model.xcdatamodeld;
			sourceTree = "<group>";
			versionGroupType = wrapper.xcdatamodel;
		};
/* End XCVersionGroup section */
	};
	rootObject = 70C4B63325BFEF3E0062B406 /* Project object */;
}
